
Microsoft Visual Studio Solution File, Format Version 12.00
# Visual Studio Version 16
VisualStudioVersion = 16.0.31402.337
MinimumVisualStudioVersion = 10.0.40219.1
Project("{FAE04EC0-301F-11D3-BF4B-00C04F79EFBC}") = "Banco", "Banco.csproj", "{702D4981-F81E-42DD-B042-3404B5FC320B}"
EndProject
Global
	GlobalSection(SolutionConfigurationPlatforms) = preSolution
		Debug|Any CPU = Debug|Any CPU
		Release|Any CPU = Release|Any CPU
	EndGlobalSection
	GlobalSection(ProjectConfigurationPlatforms) = postSolution
		{702D4981-F81E-42DD-B042-3404B5FC320B}.Debug|Any CPU.ActiveCfg = Debug|Any CPU
		{702D4981-F81E-42DD-B042-3404B5FC320B}.Debug|Any CPU.Build.0 = Debug|Any CPU
		{702D4981-F81E-42DD-B042-3404B5FC320B}.Release|Any CPU.ActiveCfg = Release|Any CPU
		{702D4981-F81E-42DD-B042-3404B5FC320B}.Release|Any CPU.Build.0 = Release|Any CPU
	EndGlobalSection
	GlobalSection(SolutionProperties) = preSolution
		HideSolutionNode = FALSE
	EndGlobalSection
	GlobalSection(ExtensibilityGlobals) = postSolution
		SolutionGuid = {17898E03-7954-4236-966D-06359EE2939A}
	EndGlobalSection
EndGlobal
